PODS:
  - SimpleMavenFramework (0.1.0)

DEPENDENCIES:
  - SimpleMavenFramework (from `../`)

EXTERNAL SOURCES:
  SimpleMavenFramework:
    :path: ../

SPEC CHECKSUMS:
  SimpleMavenFramework: 77953bb4db56343f42fa9f53f0da3939f9b20c27

PODFILE CHECKSUM: 2e9137db94252b57b11dca0d526f3aa1d3919068

COCOAPODS: 1.0.1
